{
  "requires": true,
  "lockfileVersion": 1,
  "dependencies": {
    "react-native-base64": {
      "version": "0.2.1",
      "resolved": "https://registry.npmjs.org/react-native-base64/-/react-native-base64-0.2.1.tgz",
      "integrity": "sha512-eHgt/MA8y5ZF0aHfZ1aTPcIkDWxza9AaEk4GcpIX+ZYfZ04RcaNahO+527KR7J44/mD3efYfM23O2C1N44ByWA=="
    }
  }
}
